
Microsoft Visual Studio Solution File, Format Version 12.00
# Visual Studio Version 16
VisualStudioVersion = 16.0.34031.81
MinimumVisualStudioVersion = 10.0.40219.1
Project("{FAE04EC0-301F-11D3-BF4B-00C04F79EFBC}") = "MVC5API", "MVC5API\MVC5API.csproj", "{5DD64A5A-31EF-49F5-B443-BC5CCFA93C1A}"
EndProject
Global
	GlobalSection(SolutionConfigurationPlatforms) = preSolution
		Debug|Any CPU = Debug|Any CPU
		Release|Any CPU = Release|Any CPU
	EndGlobalSection
	GlobalSection(ProjectConfigurationPlatforms) = postSolution
		{5DD64A5A-31EF-49F5-B443-BC5CCFA93C1A}.Debug|Any CPU.ActiveCfg = Debug|Any CPU
		{5DD64A5A-31EF-49F5-B443-BC5CCFA93C1A}.Debug|Any CPU.Build.0 = Debug|Any CPU
		{5DD64A5A-31EF-49F5-B443-BC5CCFA93C1A}.Release|Any CPU.ActiveCfg = Release|Any CPU
		{5DD64A5A-31EF-49F5-B443-BC5CCFA93C1A}.Release|Any CPU.Build.0 = Release|Any CPU
	EndGlobalSection
	GlobalSection(SolutionProperties) = preSolution
		HideSolutionNode = FALSE
	EndGlobalSection
	GlobalSection(ExtensibilityGlobals) = postSolution
		SolutionGuid = {B358073C-097C-4588-8D3B-C89664F8EDED}
	EndGlobalSection
EndGlobal
